
Microsoft Visual Studio Solution File, Format Version 12.00
# Visual Studio Version 17
VisualStudioVersion = 17.8.34511.84
MinimumVisualStudioVersion = 10.0.40219.1
Project("{FAE04EC0-301F-11D3-BF4B-00C04F79EFBC}") = "Exercicio4", "Exercicio4.csproj", "{2B9E3EAC-8BBB-42D3-9669-DF4E6B002598}"
EndProject
Project("{FAE04EC0-301F-11D3-BF4B-00C04F79EFBC}") = "Exercicio4.Test", "..\Exercicio4.Test\Exercicio4.Test.csproj", "{185D9135-9C87-40E2-9B15-7A875F565B82}"
EndProject
Global
	GlobalSection(SolutionConfigurationPlatforms) = preSolution
		Debug|Any CPU = Debug|Any CPU
		Release|Any CPU = Release|Any CPU
	EndGlobalSection
	GlobalSection(ProjectConfigurationPlatforms) = postSolution
		{2B9E3EAC-8BBB-42D3-9669-DF4E6B002598}.Debug|Any CPU.ActiveCfg = Debug|Any CPU
		{2B9E3EAC-8BBB-42D3-9669-DF4E6B002598}.Debug|Any CPU.Build.0 = Debug|Any CPU
		{2B9E3EAC-8BBB-42D3-9669-DF4E6B002598}.Release|Any CPU.ActiveCfg = Release|Any CPU
		{2B9E3EAC-8BBB-42D3-9669-DF4E6B002598}.Release|Any CPU.Build.0 = Release|Any CPU
		{185D9135-9C87-40E2-9B15-7A875F565B82}.Debug|Any CPU.ActiveCfg = Debug|Any CPU
		{185D9135-9C87-40E2-9B15-7A875F565B82}.Debug|Any CPU.Build.0 = Debug|Any CPU
		{185D9135-9C87-40E2-9B15-7A875F565B82}.Release|Any CPU.ActiveCfg = Release|Any CPU
		{185D9135-9C87-40E2-9B15-7A875F565B82}.Release|Any CPU.Build.0 = Release|Any CPU
	EndGlobalSection
	GlobalSection(SolutionProperties) = preSolution
		HideSolutionNode = FALSE
	EndGlobalSection
	GlobalSection(ExtensibilityGlobals) = postSolution
		SolutionGuid = {CD50FC8E-1B5F-47F4-AA00-DAC032D9F632}
	EndGlobalSection
EndGlobal
