
Microsoft Visual Studio Solution File, Format Version 12.00
# Visual Studio Version 17
VisualStudioVersion = 17.8.34511.84
MinimumVisualStudioVersion = 10.0.40219.1
Project("{9A19103F-16F7-4668-BE54-9A1E7A4F7556}") = "Exercicio1", "Exercicio1.csproj", "{CB031A6C-B880-4FA6-8EEF-E25B39E85EF7}"
EndProject
Project("{FAE04EC0-301F-11D3-BF4B-00C04F79EFBC}") = "Exercicio1.Test", "..\Exercicio1.Test\Exercicio1.Test.csproj", "{232C602A-B304-41F2-B4B6-FD96A5269EA3}"
EndProject
Global
	GlobalSection(SolutionConfigurationPlatforms) = preSolution
		Debug|Any CPU = Debug|Any CPU
		Release|Any CPU = Release|Any CPU
	EndGlobalSection
	GlobalSection(ProjectConfigurationPlatforms) = postSolution
		{CB031A6C-B880-4FA6-8EEF-E25B39E85EF7}.Debug|Any CPU.ActiveCfg = Debug|Any CPU
		{CB031A6C-B880-4FA6-8EEF-E25B39E85EF7}.Debug|Any CPU.Build.0 = Debug|Any CPU
		{CB031A6C-B880-4FA6-8EEF-E25B39E85EF7}.Release|Any CPU.ActiveCfg = Release|Any CPU
		{CB031A6C-B880-4FA6-8EEF-E25B39E85EF7}.Release|Any CPU.Build.0 = Release|Any CPU
		{232C602A-B304-41F2-B4B6-FD96A5269EA3}.Debug|Any CPU.ActiveCfg = Debug|Any CPU
		{232C602A-B304-41F2-B4B6-FD96A5269EA3}.Debug|Any CPU.Build.0 = Debug|Any CPU
		{232C602A-B304-41F2-B4B6-FD96A5269EA3}.Release|Any CPU.ActiveCfg = Release|Any CPU
		{232C602A-B304-41F2-B4B6-FD96A5269EA3}.Release|Any CPU.Build.0 = Release|Any CPU
	EndGlobalSection
	GlobalSection(SolutionProperties) = preSolution
		HideSolutionNode = FALSE
	EndGlobalSection
	GlobalSection(ExtensibilityGlobals) = postSolution
		SolutionGuid = {EBACDF25-9864-4528-9574-20A57B04EC38}
	EndGlobalSection
EndGlobal
